<?xml version="1.0" encoding="utf-8"?>
<Project ToolsVersion="4.0" xmlns="http://schemas.microsoft.com/developer/msbuild/2003">
  <ItemGroup>
    <Filter Include="ソース ファイル">
      <UniqueIdentifier>{4FC737F1-C7A5-4376-A066-2A32D752A2FF}</UniqueIdentifier>
      <Extensions>cpp;c;cc;cxx;c++;cppm;ixx;def;odl;idl;hpj;bat;asm;asmx</Extensions>
    </Filter>
    <Filter Include="リソース ファイル">
      <UniqueIdentifier>{67DA6AB6-F800-4c08-8B7A-83BB121AAD01}</UniqueIdentifier>
      <Extensions>rc;ico;cur;bmp;dlg;rc2;rct;bin;rgs;gif;jpg;jpeg;jpe;resx;tiff;tif;png;wav;mfcribbon-ms</Extensions>
    </Filter>
    <Filter Include="リソース ファイル\Text">
      <UniqueIdentifier>{e3246b6b-9cc7-4080-8c72-fd2305023d37}</UniqueIdentifier>
    </Filter>
    <Filter Include="ソース ファイル\GUI">
      <UniqueIdentifier>{443e4728-733e-47c8-ae1e-17c40449c28d}</UniqueIdentifier>
    </Filter>
    <Filter Include="ソース ファイル\GUI\Internal processing">
      <UniqueIdentifier>{1af6bf24-6530-4d11-8f14-13991b5e4774}</UniqueIdentifier>
    </Filter>
    <Filter Include="ソース ファイル\GUI\View">
      <UniqueIdentifier>{306ee381-2d50-4435-99d5-f6e344be05b9}</UniqueIdentifier>
    </Filter>
    <Filter Include="ソース ファイル\GUI\Ohter">
      <UniqueIdentifier>{db601874-c5f0-415d-a0e8-b065767540fb}</UniqueIdentifier>
    </Filter>
    <Filter Include="ソース ファイル\BaseClass">
      <UniqueIdentifier>{9a907b63-a5b3-4191-b9c2-d7e18ab2d61f}</UniqueIdentifier>
    </Filter>
    <Filter Include="ソース ファイル\Other">
      <UniqueIdentifier>{b2571b3c-9044-479a-a41e-ab69bf033c32}</UniqueIdentifier>
    </Filter>
    <Filter Include="ソース ファイル\App">
      <UniqueIdentifier>{5a1d980f-b464-49e8-b984-996914f8d0cb}</UniqueIdentifier>
    </Filter>
    <Filter Include="ソース ファイル\Sys">
      <UniqueIdentifier>{db6a1d7e-36d0-4766-a177-40a57d57ba05}</UniqueIdentifier>
    </Filter>
    <Filter Include="ソース ファイル\Manager">
      <UniqueIdentifier>{a767e929-0ea9-4db3-922d-cf813b1b6179}</UniqueIdentifier>
    </Filter>
    <Filter Include="ソース ファイル\Drawing">
      <UniqueIdentifier>{47a24c30-a7c9-4049-9471-04a08c063b48}</UniqueIdentifier>
    </Filter>
    <Filter Include="ソース ファイル\Build">
      <UniqueIdentifier>{29a1df0a-7715-475e-b585-e94b358d5269}</UniqueIdentifier>
    </Filter>
    <Filter Include="ソース ファイル\Component">
      <UniqueIdentifier>{27dfb793-5b5a-4ad2-aafd-2cbf1dbe4f30}</UniqueIdentifier>
    </Filter>
    <Filter Include="ソース ファイル\Archive">
      <UniqueIdentifier>{694d96e6-a20e-4058-8d62-c8138137cc42}</UniqueIdentifier>
    </Filter>
    <Filter Include="ソース ファイル\Assets">
      <UniqueIdentifier>{e7c5ffb3-dad8-4d73-89f5-e4b021d0524c}</UniqueIdentifier>
    </Filter>
    <Filter Include="ソース ファイル\Tool">
      <UniqueIdentifier>{f78a1d59-4c18-4465-9d69-766bc08c1956}</UniqueIdentifier>
    </Filter>
  </ItemGroup>
  <ItemGroup>
    <ClCompile Include="content_Item.cpp">
      <Filter>ソース ファイル\GUI\Ohter</Filter>
    </ClCompile>
    <ClCompile Include="Object.cpp">
      <Filter>ソース ファイル\BaseClass</Filter>
    </ClCompile>
    <ClCompile Include="ApplicationFeedbackSystem.cpp">
      <Filter>ソース ファイル\Other</Filter>
    </ClCompile>
    <ClCompile Include="StartUp.cpp">
      <Filter>ソース ファイル\App</Filter>
    </ClCompile>
    <ClCompile Include="System.cpp">
      <Filter>ソース ファイル\Sys</Filter>
    </ClCompile>
    <ClCompile Include="SceneManger.cpp">
      <Filter>ソース ファイル\Manager</Filter>
    </ClCompile>
    <ClCompile Include="IMGUI\imgui.cpp">
      <Filter>ソース ファイル\GUI\Internal processing</Filter>
    </ClCompile>
    <ClCompile Include="IMGUI\imgui_demo.cpp">
      <Filter>ソース ファイル\GUI\Internal processing</Filter>
    </ClCompile>
    <ClCompile Include="IMGUI\imgui_draw.cpp">
      <Filter>ソース ファイル\GUI\Internal processing</Filter>
    </ClCompile>
    <ClCompile Include="IMGUI\imgui_impl_dx11.cpp">
      <Filter>ソース ファイル\GUI\Internal processing</Filter>
    </ClCompile>
    <ClCompile Include="IMGUI\imgui_impl_win32.cpp">
      <Filter>ソース ファイル\GUI\Internal processing</Filter>
    </ClCompile>
    <ClCompile Include="IMGUI\imgui_tables.cpp">
      <Filter>ソース ファイル\GUI\Internal processing</Filter>
    </ClCompile>
    <ClCompile Include="IMGUI\imgui_widgets.cpp">
      <Filter>ソース ファイル\GUI\Internal processing</Filter>
    </ClCompile>
    <ClCompile Include="Main.cpp">
      <Filter>ソース ファイル\App</Filter>
    </ClCompile>
    <ClCompile Include="Scene.cpp">
      <Filter>ソース ファイル\BaseClass</Filter>
    </ClCompile>
    <ClCompile Include="GameRenderTarget.cpp">
      <Filter>ソース ファイル\Sys</Filter>
    </ClCompile>
    <ClCompile Include="EditrGUI.cpp">
      <Filter>ソース ファイル\GUI\View</Filter>
    </ClCompile>
    <ClCompile Include="SettingManager.cpp">
      <Filter>ソース ファイル\Manager</Filter>
    </ClCompile>
    <ClCompile Include="ComponentManager.cpp">
      <Filter>ソース ファイル\Manager</Filter>
    </ClCompile>
    <ClCompile Include="EditrGUI_Content.cpp">
      <Filter>ソース ファイル\GUI\View</Filter>
    </ClCompile>
    <ClCompile Include="EditrGUI_Hierarchy.cpp">
      <Filter>ソース ファイル\GUI\View</Filter>
    </ClCompile>
    <ClCompile Include="EditrGUI_Inspector.cpp">
      <Filter>ソース ファイル\GUI\View</Filter>
    </ClCompile>
    <ClCompile Include="ShaderManager.cpp">
      <Filter>ソース ファイル\Manager</Filter>
    </ClCompile>
    <ClCompile Include="CameraComponent.cpp">
      <Filter>ソース ファイル\Component</Filter>
    </ClCompile>
    <ClCompile Include="Geometry.cpp">
      <Filter>ソース ファイル\Component</Filter>
    </ClCompile>
    <ClCompile Include="HashUtill.cpp">
      <Filter>ソース ファイル\Archive</Filter>
    </ClCompile>
    <ClCompile Include="ModelManager.cpp">
      <Filter>ソース ファイル\Assets</Filter>
    </ClCompile>
    <ClCompile Include="ResourceService.cpp">
      <Filter>ソース ファイル\Assets</Filter>
    </ClCompile>
    <ClCompile Include="SoundManager.cpp">
      <Filter>ソース ファイル\Assets</Filter>
    </ClCompile>
    <ClCompile Include="TextureManager.cpp">
      <Filter>ソース ファイル\Assets</Filter>
    </ClCompile>
    <ClCompile Include="AssetManager.cpp">
      <Filter>ソース ファイル\Assets</Filter>
    </ClCompile>
    <ClCompile Include="ModelRender.cpp">
      <Filter>ソース ファイル\Component</Filter>
    </ClCompile>
    <ClCompile Include="ErrorLog.cpp">
      <Filter>ソース ファイル\Sys</Filter>
    </ClCompile>
    <ClCompile Include="LightComponent.cpp">
      <Filter>ソース ファイル\Component</Filter>
    </ClCompile>
  </ItemGroup>
  <ItemGroup>
    <ClInclude Include="content_Item.h">
      <Filter>ソース ファイル\GUI\Ohter</Filter>
    </ClInclude>
    <ClInclude Include="Object.h">
      <Filter>ソース ファイル\BaseClass</Filter>
    </ClInclude>
    <ClInclude Include="Component.h">
      <Filter>ソース ファイル\BaseClass</Filter>
    </ClInclude>
    <ClInclude Include="ApplicationFeedbackSystem.h">
      <Filter>ソース ファイル\Other</Filter>
    </ClInclude>
    <ClInclude Include="System.h">
      <Filter>ソース ファイル\Sys</Filter>
    </ClInclude>
    <ClInclude Include="SceneManger.h">
      <Filter>ソース ファイル\Manager</Filter>
    </ClInclude>
    <ClInclude Include="IMGUI\imstb_truetype.h">
      <Filter>ソース ファイル\GUI\Internal processing</Filter>
    </ClInclude>
    <ClInclude Include="IMGUI\imgui.h">
      <Filter>ソース ファイル\GUI\Internal processing</Filter>
    </ClInclude>
    <ClInclude Include="IMGUI\imgui_impl_dx11.h">
      <Filter>ソース ファイル\GUI\Internal processing</Filter>
    </ClInclude>
    <ClInclude Include="IMGUI\imgui_impl_win32.h">
      <Filter>ソース ファイル\GUI\Internal processing</Filter>
    </ClInclude>
    <ClInclude Include="IMGUI\imgui_internal.h">
      <Filter>ソース ファイル\GUI\Internal processing</Filter>
    </ClInclude>
    <ClInclude Include="IMGUI\imstb_rectpack.h">
      <Filter>ソース ファイル\GUI\Internal processing</Filter>
    </ClInclude>
    <ClInclude Include="IMGUI\imstb_textedit.h">
      <Filter>ソース ファイル\GUI\Internal processing</Filter>
    </ClInclude>
    <ClInclude Include="IMGUI\imconfig.h">
      <Filter>ソース ファイル\GUI\Internal processing</Filter>
    </ClInclude>
    <ClInclude Include="Scene.h">
      <Filter>ソース ファイル\BaseClass</Filter>
    </ClInclude>
    <ClInclude Include="Main.h">
      <Filter>ソース ファイル\App</Filter>
    </ClInclude>
    <ClInclude Include="GameRenderTarget.h">
      <Filter>ソース ファイル\Sys</Filter>
    </ClInclude>
    <ClInclude Include="EditrGUI.h">
      <Filter>ソース ファイル\GUI\View</Filter>
    </ClInclude>
    <ClInclude Include="StartUp.h">
      <Filter>ソース ファイル\App</Filter>
    </ClInclude>
    <ClInclude Include="PostEffectBase.h">
      <Filter>ソース ファイル\BaseClass</Filter>
    </ClInclude>
    <ClInclude Include="SettingManager.h">
      <Filter>ソース ファイル\Manager</Filter>
    </ClInclude>
    <ClInclude Include="ComponentManager.h">
      <Filter>ソース ファイル\Manager</Filter>
    </ClInclude>
    <ClInclude Include="ShaderManager.h">
      <Filter>ソース ファイル\Manager</Filter>
    </ClInclude>
    <ClInclude Include="CameraComponent.h">
      <Filter>ソース ファイル\Component</Filter>
    </ClInclude>
    <ClInclude Include="Struct.h">
      <Filter>ソース ファイル\Other</Filter>
    </ClInclude>
    <ClInclude Include="Geometry.h">
      <Filter>ソース ファイル\Component</Filter>
    </ClInclude>
    <ClInclude Include="ArchiveFormat.h">
      <Filter>ソース ファイル\Archive</Filter>
    </ClInclude>
    <ClInclude Include="HashUtill.h">
      <Filter>ソース ファイル\Archive</Filter>
    </ClInclude>
    <ClInclude Include="ModelManager.h">
      <Filter>ソース ファイル\Assets</Filter>
    </ClInclude>
    <ClInclude Include="ResourceService.h">
      <Filter>ソース ファイル\Assets</Filter>
    </ClInclude>
    <ClInclude Include="SoundManager.h">
      <Filter>ソース ファイル\Assets</Filter>
    </ClInclude>
    <ClInclude Include="TextureManager.h">
      <Filter>ソース ファイル\Assets</Filter>
    </ClInclude>
    <ClInclude Include="AssetManager.h">
      <Filter>ソース ファイル\Assets</Filter>
    </ClInclude>
    <ClInclude Include="AssetTypes.h">
      <Filter>ソース ファイル\Assets</Filter>
    </ClInclude>
    <ClInclude Include="ModelRender.h">
      <Filter>ソース ファイル\Component</Filter>
    </ClInclude>
    <ClInclude Include="ErrorLog.h">
      <Filter>ソース ファイル\Sys</Filter>
    </ClInclude>
    <ClInclude Include="LightComponent.h">
      <Filter>ソース ファイル\Component</Filter>
    </ClInclude>
  </ItemGroup>
  <ItemGroup>
    <Text Include="仕様書.txt">
      <Filter>リソース ファイル\Text</Filter>
    </Text>
  </ItemGroup>
</Project>