
Microsoft Visual Studio Solution File, Format Version 12.00
# Visual Studio Version 17
VisualStudioVersion = 17.14.36301.6
MinimumVisualStudioVersion = 10.0.40219.1
Project("{8BC9CEB8-8B4A-11D0-8D11-00A0C91BC942}") = "Pixeon_Engine", "Pixeon_Engine\Pixeon_Engine.vcxproj", "{52A882B6-7432-41E1-96DB-2858B57BBB0A}"
EndProject
Project("{8BC9CEB8-8B4A-11D0-8D11-00A0C91BC942}") = "Asset packaging tool", "Asset packaging tool\Asset packaging tool.vcxproj", "{EF8D7FC3-0A44-46C7-BDB6-6A207374DE8B}"
EndProject
Project("{8BC9CEB8-8B4A-11D0-8D11-00A0C91BC942}") = "cmd", "cmd\cmd.vcxproj", "{DC309E4D-9442-4F5D-A631-B807657CD056}"
EndProject
Global
	GlobalSection(SolutionConfigurationPlatforms) = preSolution
		Debug|x64 = Debug|x64
		Debug|x86 = Debug|x86
		Release|x64 = Release|x64
		Release|x86 = Release|x86
	EndGlobalSection
	GlobalSection(ProjectConfigurationPlatforms) = postSolution
		{52A882B6-7432-41E1-96DB-2858B57BBB0A}.Debug|x64.ActiveCfg = Debug|x64
		{52A882B6-7432-41E1-96DB-2858B57BBB0A}.Debug|x64.Build.0 = Debug|x64
		{52A882B6-7432-41E1-96DB-2858B57BBB0A}.Debug|x86.ActiveCfg = Debug|Win32
		{52A882B6-7432-41E1-96DB-2858B57BBB0A}.Debug|x86.Build.0 = Debug|Win32
		{52A882B6-7432-41E1-96DB-2858B57BBB0A}.Release|x64.ActiveCfg = Release|x64
		{52A882B6-7432-41E1-96DB-2858B57BBB0A}.Release|x64.Build.0 = Release|x64
		{52A882B6-7432-41E1-96DB-2858B57BBB0A}.Release|x86.ActiveCfg = Release|Win32
		{52A882B6-7432-41E1-96DB-2858B57BBB0A}.Release|x86.Build.0 = Release|Win32
		{EF8D7FC3-0A44-46C7-BDB6-6A207374DE8B}.Debug|x64.ActiveCfg = Debug|x64
		{EF8D7FC3-0A44-46C7-BDB6-6A207374DE8B}.Debug|x64.Build.0 = Debug|x64
		{EF8D7FC3-0A44-46C7-BDB6-6A207374DE8B}.Debug|x86.ActiveCfg = Debug|Win32
		{EF8D7FC3-0A44-46C7-BDB6-6A207374DE8B}.Debug|x86.Build.0 = Debug|Win32
		{EF8D7FC3-0A44-46C7-BDB6-6A207374DE8B}.Release|x64.ActiveCfg = Release|x64
		{EF8D7FC3-0A44-46C7-BDB6-6A207374DE8B}.Release|x64.Build.0 = Release|x64
		{EF8D7FC3-0A44-46C7-BDB6-6A207374DE8B}.Release|x86.ActiveCfg = Release|Win32
		{EF8D7FC3-0A44-46C7-BDB6-6A207374DE8B}.Release|x86.Build.0 = Release|Win32
		{DC309E4D-9442-4F5D-A631-B807657CD056}.Debug|x64.ActiveCfg = Debug|x64
		{DC309E4D-9442-4F5D-A631-B807657CD056}.Debug|x64.Build.0 = Debug|x64
		{DC309E4D-9442-4F5D-A631-B807657CD056}.Debug|x86.ActiveCfg = Debug|Win32
		{DC309E4D-9442-4F5D-A631-B807657CD056}.Debug|x86.Build.0 = Debug|Win32
		{DC309E4D-9442-4F5D-A631-B807657CD056}.Release|x64.ActiveCfg = Release|x64
		{DC309E4D-9442-4F5D-A631-B807657CD056}.Release|x64.Build.0 = Release|x64
		{DC309E4D-9442-4F5D-A631-B807657CD056}.Release|x86.ActiveCfg = Release|Win32
		{DC309E4D-9442-4F5D-A631-B807657CD056}.Release|x86.Build.0 = Release|Win32
	EndGlobalSection
	GlobalSection(SolutionProperties) = preSolution
		HideSolutionNode = FALSE
	EndGlobalSection
	GlobalSection(ExtensibilityGlobals) = postSolution
		SolutionGuid = {31499C43-BFEE-4AAE-A69E-842DEFC4CEEE}
	EndGlobalSection
EndGlobal
